
Microsoft Visual Studio Solution File, Format Version 12.00
# Visual Studio Version 16
VisualStudioVersion = 16.0.31005.135
MinimumVisualStudioVersion = 10.0.40219.1
Project("{FAE04EC0-301F-11D3-BF4B-00C04F79EFBC}") = "TcpChatClient", "TcpChatClient\TcpChatClient.csproj", "{09FDD47D-6D6B-49CE-939B-6BE2A9420005}"
EndProject
Global
	GlobalSection(SolutionConfigurationPlatforms) = preSolution
		Debug|Any CPU = Debug|Any CPU
		Release|Any CPU = Release|Any CPU
	EndGlobalSection
	GlobalSection(ProjectConfigurationPlatforms) = postSolution
		{09FDD47D-6D6B-49CE-939B-6BE2A9420005}.Debug|Any CPU.ActiveCfg = Debug|Any CPU
		{09FDD47D-6D6B-49CE-939B-6BE2A9420005}.Debug|Any CPU.Build.0 = Debug|Any CPU
		{09FDD47D-6D6B-49CE-939B-6BE2A9420005}.Release|Any CPU.ActiveCfg = Release|Any CPU
		{09FDD47D-6D6B-49CE-939B-6BE2A9420005}.Release|Any CPU.Build.0 = Release|Any CPU
	EndGlobalSection
	GlobalSection(SolutionProperties) = preSolution
		HideSolutionNode = FALSE
	EndGlobalSection
	GlobalSection(ExtensibilityGlobals) = postSolution
		SolutionGuid = {A685E17E-23CC-4AF5-84F7-7CA9220118BB}
	EndGlobalSection
EndGlobal
